
Microsoft Visual Studio Solution File, Format Version 12.00
Project("{FAE04EC0-301F-11D3-BF4B-00C04F79EFBC}") = "API", "API\API.csproj", "{020770A1-BC3E-4AFC-BCB2-8ED6817AB47D}"
EndProject
Project("{FAE04EC0-301F-11D3-BF4B-00C04F79EFBC}") = "Application", "Application\Application.csproj", "{042E3322-1599-4E37-86B1-740BBDB5C07B}"
EndProject
Project("{FAE04EC0-301F-11D3-BF4B-00C04F79EFBC}") = "Domain", "Domain\Domain.csproj", "{39D6FA69-C1D6-4467-8BEF-3A1D3A43EF9C}"
EndProject
Project("{FAE04EC0-301F-11D3-BF4B-00C04F79EFBC}") = "Infratructure", "Infratructure\Infratructure.csproj", "{42114AB3-57CD-4072-9B73-63358B73BDF2}"
EndProject
Project("{FAE04EC0-301F-11D3-BF4B-00C04F79EFBC}") = "PizzaTest", "PizzaTest\PizzaTest.csproj", "{9B2DC77F-0189-4EB9-9BDF-2262ACD83F36}"
EndProject
Global
	GlobalSection(SolutionConfigurationPlatforms) = preSolution
		Debug|Any CPU = Debug|Any CPU
		Release|Any CPU = Release|Any CPU
	EndGlobalSection
	GlobalSection(ProjectConfigurationPlatforms) = postSolution
		{020770A1-BC3E-4AFC-BCB2-8ED6817AB47D}.Debug|Any CPU.ActiveCfg = Debug|Any CPU
		{020770A1-BC3E-4AFC-BCB2-8ED6817AB47D}.Debug|Any CPU.Build.0 = Debug|Any CPU
		{020770A1-BC3E-4AFC-BCB2-8ED6817AB47D}.Release|Any CPU.ActiveCfg = Release|Any CPU
		{020770A1-BC3E-4AFC-BCB2-8ED6817AB47D}.Release|Any CPU.Build.0 = Release|Any CPU
		{042E3322-1599-4E37-86B1-740BBDB5C07B}.Debug|Any CPU.ActiveCfg = Debug|Any CPU
		{042E3322-1599-4E37-86B1-740BBDB5C07B}.Debug|Any CPU.Build.0 = Debug|Any CPU
		{042E3322-1599-4E37-86B1-740BBDB5C07B}.Release|Any CPU.ActiveCfg = Release|Any CPU
		{042E3322-1599-4E37-86B1-740BBDB5C07B}.Release|Any CPU.Build.0 = Release|Any CPU
		{39D6FA69-C1D6-4467-8BEF-3A1D3A43EF9C}.Debug|Any CPU.ActiveCfg = Debug|Any CPU
		{39D6FA69-C1D6-4467-8BEF-3A1D3A43EF9C}.Debug|Any CPU.Build.0 = Debug|Any CPU
		{39D6FA69-C1D6-4467-8BEF-3A1D3A43EF9C}.Release|Any CPU.ActiveCfg = Release|Any CPU
		{39D6FA69-C1D6-4467-8BEF-3A1D3A43EF9C}.Release|Any CPU.Build.0 = Release|Any CPU
		{42114AB3-57CD-4072-9B73-63358B73BDF2}.Debug|Any CPU.ActiveCfg = Debug|Any CPU
		{42114AB3-57CD-4072-9B73-63358B73BDF2}.Debug|Any CPU.Build.0 = Debug|Any CPU
		{42114AB3-57CD-4072-9B73-63358B73BDF2}.Release|Any CPU.ActiveCfg = Release|Any CPU
		{42114AB3-57CD-4072-9B73-63358B73BDF2}.Release|Any CPU.Build.0 = Release|Any CPU
		{9B2DC77F-0189-4EB9-9BDF-2262ACD83F36}.Debug|Any CPU.ActiveCfg = Debug|Any CPU
		{9B2DC77F-0189-4EB9-9BDF-2262ACD83F36}.Debug|Any CPU.Build.0 = Debug|Any CPU
		{9B2DC77F-0189-4EB9-9BDF-2262ACD83F36}.Release|Any CPU.ActiveCfg = Release|Any CPU
		{9B2DC77F-0189-4EB9-9BDF-2262ACD83F36}.Release|Any CPU.Build.0 = Release|Any CPU
	EndGlobalSection
EndGlobal
